# This file is generated by running "yarn install" inside your project.
# Manual changes might be lost - proceed with caution!

__metadata:
  version: 8
  cacheKey: 10c0

"@types/history@npm:^4.7.11":
  version: 4.7.11
  resolution: "@types/history@npm:4.7.11"
  checksum: 10c0/3facf37c2493d1f92b2e93a22cac7ea70b06351c2ab9aaceaa3c56aa6099fb63516f6c4ec1616deb5c56b4093c026a043ea2d3373e6c0644d55710364d02c934
  languageName: node
  linkType: hard

"@types/react-dom@npm:^19.0.2":
  version: 19.0.2
  resolution: "@types/react-dom@npm:19.0.2"
  peerDependencies:
    "@types/react": ^19.0.0
  checksum: 10c0/3d0c7b78dbe8df64ea769f30af990a5950173a8321c745fe11094d765423f7964c3519dca6e7cd36b4be6521c8efc690bdd3b79b327b229dd1e9d5a8bad677dd
  languageName: node
  linkType: hard

"@types/react-router-dom@npm:^5.3.3":
  version: 5.3.3
  resolution: "@types/react-router-dom@npm:5.3.3"
  dependencies:
    "@types/history": "npm:^4.7.11"
    "@types/react": "npm:*"
    "@types/react-router": "npm:*"
  checksum: 10c0/a9231a16afb9ed5142678147eafec9d48582809295754fb60946e29fcd3757a4c7a3180fa94b45763e4c7f6e3f02379e2fcb8dd986db479dcab40eff5fc62a91
  languageName: node
  linkType: hard

"@types/react-router@npm:*":
  version: 5.1.20
  resolution: "@types/react-router@npm:5.1.20"
  dependencies:
    "@types/history": "npm:^4.7.11"
    "@types/react": "npm:*"
  checksum: 10c0/1f7eee61981d2f807fa01a34a0ef98ebc0774023832b6611a69c7f28fdff01de5a38cabf399f32e376bf8099dcb7afaf724775bea9d38870224492bea4cb5737
  languageName: node
  linkType: hard

"@types/react@npm:*, @types/react@npm:^19.0.4":
  version: 19.0.4
  resolution: "@types/react@npm:19.0.4"
  dependencies:
    csstype: "npm:^3.0.2"
  checksum: 10c0/96ecd1a73af57fd7b7facf5b36ec069b131c7608a98a0f1098183023bfb21c60a26a0dc09004fbe0ac70c436ef887bbec5690882cfb77c6e0c679f7e45987722
  languageName: node
  linkType: hard

"asynckit@npm:^0.4.0":
  version: 0.4.0
  resolution: "asynckit@npm:0.4.0"
  checksum: 10c0/d73e2ddf20c4eb9337e1b3df1a0f6159481050a5de457c55b14ea2e5cb6d90bb69e004c9af54737a5ee0917fcf2c9e25de67777bbe58261847846066ba75bc9d
  languageName: node
  linkType: hard

"axios@npm:^1.7.9":
  version: 1.7.9
  resolution: "axios@npm:1.7.9"
  dependencies:
    follow-redirects: "npm:^1.15.6"
    form-data: "npm:^4.0.0"
    proxy-from-env: "npm:^1.1.0"
  checksum: 10c0/b7a41e24b59fee5f0f26c1fc844b45b17442832eb3a0fb42dd4f1430eb4abc571fe168e67913e8a1d91c993232bd1d1ab03e20e4d1fee8c6147649b576fc1b0b
  languageName: node
  linkType: hard

"combined-stream@npm:^1.0.8":
  version: 1.0.8
  resolution: "combined-stream@npm:1.0.8"
  dependencies:
    delayed-stream: "npm:~1.0.0"
  checksum: 10c0/0dbb829577e1b1e839fa82b40c07ffaf7de8a09b935cadd355a73652ae70a88b4320db322f6634a4ad93424292fa80973ac6480986247f1734a1137debf271d5
  languageName: node
  linkType: hard

"csstype@npm:^3.0.2":
  version: 3.1.3
  resolution: "csstype@npm:3.1.3"
  checksum: 10c0/80c089d6f7e0c5b2bd83cf0539ab41474198579584fa10d86d0cafe0642202343cbc119e076a0b1aece191989477081415d66c9fefbf3c957fc2fc4b7009f248
  languageName: node
  linkType: hard

"delayed-stream@npm:~1.0.0":
  version: 1.0.0
  resolution: "delayed-stream@npm:1.0.0"
  checksum: 10c0/d758899da03392e6712f042bec80aa293bbe9e9ff1b2634baae6a360113e708b91326594c8a486d475c69d6259afb7efacdc3537bfcda1c6c648e390ce601b19
  languageName: node
  linkType: hard

"follow-redirects@npm:^1.15.6":
  version: 1.15.9
  resolution: "follow-redirects@npm:1.15.9"
  peerDependenciesMeta:
    debug:
      optional: true
  checksum: 10c0/5829165bd112c3c0e82be6c15b1a58fa9dcfaede3b3c54697a82fe4a62dd5ae5e8222956b448d2f98e331525f05d00404aba7d696de9e761ef6e42fdc780244f
  languageName: node
  linkType: hard

"form-data@npm:^4.0.0":
  version: 4.0.1
  resolution: "form-data@npm:4.0.1"
  dependencies:
    asynckit: "npm:^0.4.0"
    combined-stream: "npm:^1.0.8"
    mime-types: "npm:^2.1.12"
  checksum: 10c0/bb102d570be8592c23f4ea72d7df9daa50c7792eb0cf1c5d7e506c1706e7426a4e4ae48a35b109e91c85f1c0ec63774a21ae252b66f4eb981cb8efef7d0463c8
  languageName: node
  linkType: hard

"mime-db@npm:1.52.0":
  version: 1.52.0
  resolution: "mime-db@npm:1.52.0"
  checksum: 10c0/0557a01deebf45ac5f5777fe7740b2a5c309c6d62d40ceab4e23da9f821899ce7a900b7ac8157d4548ddbb7beffe9abc621250e6d182b0397ec7f10c7b91a5aa
  languageName: node
  linkType: hard

"mime-types@npm:^2.1.12":
  version: 2.1.35
  resolution: "mime-types@npm:2.1.35"
  dependencies:
    mime-db: "npm:1.52.0"
  checksum: 10c0/82fb07ec56d8ff1fc999a84f2f217aa46cb6ed1033fefaabd5785b9a974ed225c90dc72fff460259e66b95b73648596dbcc50d51ed69cdf464af2d237d3149b2
  languageName: node
  linkType: hard

"proxy-from-env@npm:^1.1.0":
  version: 1.1.0
  resolution: "proxy-from-env@npm:1.1.0"
  checksum: 10c0/fe7dd8b1bdbbbea18d1459107729c3e4a2243ca870d26d34c2c1bcd3e4425b7bcc5112362df2d93cc7fb9746f6142b5e272fd1cc5c86ddf8580175186f6ad42b
  languageName: node
  linkType: hard

"root-workspace-0b6124@workspace:.":
  version: 0.0.0-use.local
  resolution: "root-workspace-0b6124@workspace:."
  dependencies:
    "@types/react": "npm:^19.0.4"
    "@types/react-dom": "npm:^19.0.2"
    "@types/react-router-dom": "npm:^5.3.3"
    axios: "npm:^1.7.9"
  languageName: unknown
  linkType: soft
